// !$*UTF8*$!
{
	archiveVersion = 1;
	classes = {
	};
	objectVersion = 56;
	objects = {

/* Begin PBXBuildFile section */
		326EE88F2BEEADE900F55A6E /* WeebWeissSchwarzApp.swift in Sources */ = {isa = PBXBuildFile; fileRef = 326EE88E2BEEADE900F55A6E /* WeebWeissSchwarzApp.swift */; };
		326EE8952BEEADEC00F55A6E /* Assets.xcassets in Resources */ = {isa = PBXBuildFile; fileRef = 326EE8942BEEADEC00F55A6E /* Assets.xcassets */; };
		326EE8982BEEADEC00F55A6E /* Preview Assets.xcassets in Resources */ = {isa = PBXBuildFile; fileRef = 326EE8972BEEADEC00F55A6E /* Preview Assets.xcassets */; };
		326EE89F2BEEB12F00F55A6E /* CollectionList.swift in Sources */ = {isa = PBXBuildFile; fileRef = 326EE89E2BEEB12F00F55A6E /* CollectionList.swift */; };
		326EE8A32BEEB21200F55A6E /* Group.swift in Sources */ = {isa = PBXBuildFile; fileRef = 326EE8A22BEEB21200F55A6E /* Group.swift */; };
		326EE8A52BEEB47200F55A6E /* DiscoverView.swift in Sources */ = {isa = PBXBuildFile; fileRef = 326EE8A42BEEB47200F55A6E /* DiscoverView.swift */; };
		326EE8A72BEEB4B400F55A6E /* DiscoverCell.swift in Sources */ = {isa = PBXBuildFile; fileRef = 326EE8A62BEEB4B400F55A6E /* DiscoverCell.swift */; };
		326EE8AA2BEEB5B700F55A6E /* APIRequest.swift in Sources */ = {isa = PBXBuildFile; fileRef = 326EE8A92BEEB5B700F55A6E /* APIRequest.swift */; };
		326EE8AC2BEEB5EB00F55A6E /* GroupAPIRequest.swift in Sources */ = {isa = PBXBuildFile; fileRef = 326EE8AB2BEEB5EB00F55A6E /* GroupAPIRequest.swift */; };
		326EE8AE2BEEB75F00F55A6E /* WeissSchwarzService.swift in Sources */ = {isa = PBXBuildFile; fileRef = 326EE8AD2BEEB75F00F55A6E /* WeissSchwarzService.swift */; };
		326EE8B12BEEB80500F55A6E /* DiscoverViewModel.swift in Sources */ = {isa = PBXBuildFile; fileRef = 326EE8B02BEEB80500F55A6E /* DiscoverViewModel.swift */; };
		326EE8B32BF0346300F55A6E /* CardListView.swift in Sources */ = {isa = PBXBuildFile; fileRef = 326EE8B22BF0346300F55A6E /* CardListView.swift */; };
		326EE8B72BF0351B00F55A6E /* CardListViewModel.swift in Sources */ = {isa = PBXBuildFile; fileRef = 326EE8B62BF0351B00F55A6E /* CardListViewModel.swift */; };
		326EE8BB2BF035A200F55A6E /* Card.swift in Sources */ = {isa = PBXBuildFile; fileRef = 326EE8BA2BF035A200F55A6E /* Card.swift */; };
		326EE8BD2BF03D6400F55A6E /* ProductAPIRequest.swift in Sources */ = {isa = PBXBuildFile; fileRef = 326EE8BC2BF03D6400F55A6E /* ProductAPIRequest.swift */; };
		326EE8C12BF03EAD00F55A6E /* CardCell.swift in Sources */ = {isa = PBXBuildFile; fileRef = 326EE8C02BF03EAD00F55A6E /* CardCell.swift */; };
		326EE8C32BF2857C00F55A6E /* Price.swift in Sources */ = {isa = PBXBuildFile; fileRef = 326EE8C22BF2857C00F55A6E /* Price.swift */; };
		326EE8C52BF285BD00F55A6E /* PriceAPIRequest.swift in Sources */ = {isa = PBXBuildFile; fileRef = 326EE8C42BF285BD00F55A6E /* PriceAPIRequest.swift */; };
		326EE8C72BF2F28900F55A6E /* CardDetail.swift in Sources */ = {isa = PBXBuildFile; fileRef = 326EE8C62BF2F28900F55A6E /* CardDetail.swift */; };
		326EE8CB2BF2F56100F55A6E /* RightDetailCell.swift in Sources */ = {isa = PBXBuildFile; fileRef = 326EE8CA2BF2F56100F55A6E /* RightDetailCell.swift */; };
		326EE8CD2BF2F8E900F55A6E /* CardImage.swift in Sources */ = {isa = PBXBuildFile; fileRef = 326EE8CC2BF2F8E900F55A6E /* CardImage.swift */; };
		326EE8CF2BF57D9900F55A6E /* CardDetailViewModel.swift in Sources */ = {isa = PBXBuildFile; fileRef = 326EE8CE2BF57D9800F55A6E /* CardDetailViewModel.swift */; };
		326EE8D32BF6B0F300F55A6E /* GroupCell.swift in Sources */ = {isa = PBXBuildFile; fileRef = 326EE8D22BF6B0F300F55A6E /* GroupCell.swift */; };
		326EE8D52BF6B19400F55A6E /* TagView.swift in Sources */ = {isa = PBXBuildFile; fileRef = 326EE8D42BF6B19400F55A6E /* TagView.swift */; };
		326EE8D82BF81B5100F55A6E /* UserGroup.swift in Sources */ = {isa = PBXBuildFile; fileRef = 326EE8D72BF81B5100F55A6E /* UserGroup.swift */; };
		326EE8DA2BF81B7300F55A6E /* UserCard.swift in Sources */ = {isa = PBXBuildFile; fileRef = 326EE8D92BF81B7300F55A6E /* UserCard.swift */; };
		326EE8DC2BF81EAA00F55A6E /* UserCollection.swift in Sources */ = {isa = PBXBuildFile; fileRef = 326EE8DB2BF81EAA00F55A6E /* UserCollection.swift */; };
		326EE8DF2BF8359C00F55A6E /* GroupList.swift in Sources */ = {isa = PBXBuildFile; fileRef = 326EE8DE2BF8359C00F55A6E /* GroupList.swift */; };
/* End PBXBuildFile section */

/* Begin PBXFileReference section */
		326EE88B2BEEADE900F55A6E /* WeebWeissSchwarz.app */ = {isa = PBXFileReference; explicitFileType = wrapper.application; includeInIndex = 0; path = WeebWeissSchwarz.app; sourceTree = BUILT_PRODUCTS_DIR; };
		326EE88E2BEEADE900F55A6E /* WeebWeissSchwarzApp.swift */ = {isa = PBXFileReference; lastKnownFileType = sourcecode.swift; path = WeebWeissSchwarzApp.swift; sourceTree = "<group>"; };
		326EE8942BEEADEC00F55A6E /* Assets.xcassets */ = {isa = PBXFileReference; lastKnownFileType = folder.assetcatalog; path = Assets.xcassets; sourceTree = "<group>"; };
		326EE8972BEEADEC00F55A6E /* Preview Assets.xcassets */ = {isa = PBXFileReference; lastKnownFileType = folder.assetcatalog; path = "Preview Assets.xcassets"; sourceTree = "<group>"; };
		326EE89E2BEEB12F00F55A6E /* CollectionList.swift */ = {isa = PBXFileReference; lastKnownFileType = sourcecode.swift; path = CollectionList.swift; sourceTree = "<group>"; };
		326EE8A22BEEB21200F55A6E /* Group.swift */ = {isa = PBXFileReference; lastKnownFileType = sourcecode.swift; path = Group.swift; sourceTree = "<group>"; };
		326EE8A42BEEB47200F55A6E /* DiscoverView.swift */ = {isa = PBXFileReference; lastKnownFileType = sourcecode.swift; path = DiscoverView.swift; sourceTree = "<group>"; };
		326EE8A62BEEB4B400F55A6E /* DiscoverCell.swift */ = {isa = PBXFileReference; lastKnownFileType = sourcecode.swift; path = DiscoverCell.swift; sourceTree = "<group>"; };
		326EE8A92BEEB5B700F55A6E /* APIRequest.swift */ = {isa = PBXFileReference; lastKnownFileType = sourcecode.swift; path = APIRequest.swift; sourceTree = "<group>"; };
		326EE8AB2BEEB5EB00F55A6E /* GroupAPIRequest.swift */ = {isa = PBXFileReference; lastKnownFileType = sourcecode.swift; path = GroupAPIRequest.swift; sourceTree = "<group>"; };
		326EE8AD2BEEB75F00F55A6E /* WeissSchwarzService.swift */ = {isa = PBXFileReference; lastKnownFileType = sourcecode.swift; path = WeissSchwarzService.swift; sourceTree = "<group>"; };
		326EE8B02BEEB80500F55A6E /* DiscoverViewModel.swift */ = {isa = PBXFileReference; lastKnownFileType = sourcecode.swift; path = DiscoverViewModel.swift; sourceTree = "<group>"; };
		326EE8B22BF0346300F55A6E /* CardListView.swift */ = {isa = PBXFileReference; lastKnownFileType = sourcecode.swift; path = CardListView.swift; sourceTree = "<group>"; };
		326EE8B62BF0351B00F55A6E /* CardListViewModel.swift */ = {isa = PBXFileReference; lastKnownFileType = sourcecode.swift; path = CardListViewModel.swift; sourceTree = "<group>"; };
		326EE8BA2BF035A200F55A6E /* Card.swift */ = {isa = PBXFileReference; lastKnownFileType = sourcecode.swift; path = Card.swift; sourceTree = "<group>"; };
		326EE8BC2BF03D6400F55A6E /* ProductAPIRequest.swift */ = {isa = PBXFileReference; lastKnownFileType = sourcecode.swift; path = ProductAPIRequest.swift; sourceTree = "<group>"; };
		326EE8C02BF03EAD00F55A6E /* CardCell.swift */ = {isa = PBXFileReference; lastKnownFileType = sourcecode.swift; path = CardCell.swift; sourceTree = "<group>"; };
		326EE8C22BF2857C00F55A6E /* Price.swift */ = {isa = PBXFileReference; lastKnownFileType = sourcecode.swift; path = Price.swift; sourceTree = "<group>"; };
		326EE8C42BF285BD00F55A6E /* PriceAPIRequest.swift */ = {isa = PBXFileReference; lastKnownFileType = sourcecode.swift; path = PriceAPIRequest.swift; sourceTree = "<group>"; };
		326EE8C62BF2F28900F55A6E /* CardDetail.swift */ = {isa = PBXFileReference; lastKnownFileType = sourcecode.swift; path = CardDetail.swift; sourceTree = "<group>"; };
		326EE8CA2BF2F56100F55A6E /* RightDetailCell.swift */ = {isa = PBXFileReference; lastKnownFileType = sourcecode.swift; path = RightDetailCell.swift; sourceTree = "<group>"; };
		326EE8CC2BF2F8E900F55A6E /* CardImage.swift */ = {isa = PBXFileReference; lastKnownFileType = sourcecode.swift; path = CardImage.swift; sourceTree = "<group>"; };
		326EE8CE2BF57D9800F55A6E /* CardDetailViewModel.swift */ = {isa = PBXFileReference; lastKnownFileType = sourcecode.swift; path = CardDetailViewModel.swift; sourceTree = "<group>"; };
		326EE8D22BF6B0F300F55A6E /* GroupCell.swift */ = {isa = PBXFileReference; lastKnownFileType = sourcecode.swift; path = GroupCell.swift; sourceTree = "<group>"; };
		326EE8D42BF6B19400F55A6E /* TagView.swift */ = {isa = PBXFileReference; lastKnownFileType = sourcecode.swift; path = TagView.swift; sourceTree = "<group>"; };
		326EE8D72BF81B5100F55A6E /* UserGroup.swift */ = {isa = PBXFileReference; lastKnownFileType = sourcecode.swift; path = UserGroup.swift; sourceTree = "<group>"; };
		326EE8D92BF81B7300F55A6E /* UserCard.swift */ = {isa = PBXFileReference; lastKnownFileType = sourcecode.swift; path = UserCard.swift; sourceTree = "<group>"; };
		326EE8DB2BF81EAA00F55A6E /* UserCollection.swift */ = {isa = PBXFileReference; lastKnownFileType = sourcecode.swift; path = UserCollection.swift; sourceTree = "<group>"; };
		326EE8DE2BF8359C00F55A6E /* GroupList.swift */ = {isa = PBXFileReference; lastKnownFileType = sourcecode.swift; path = GroupList.swift; sourceTree = "<group>"; };
/* End PBXFileReference section */

/* Begin PBXFrameworksBuildPhase section */
		326EE8882BEEADE900F55A6E /* Frameworks */ = {
			isa = PBXFrameworksBuildPhase;
			buildActionMask = 2147483647;
			files = (
			);
			runOnlyForDeploymentPostprocessing = 0;
		};
/* End PBXFrameworksBuildPhase section */

/* Begin PBXGroup section */
		322CEDCE2BF956FE004405A3 /* Collection */ = {
			isa = PBXGroup;
			children = (
				326EE89E2BEEB12F00F55A6E /* CollectionList.swift */,
				326EE8D22BF6B0F300F55A6E /* GroupCell.swift */,
				326EE8DE2BF8359C00F55A6E /* GroupList.swift */,
				326EE8D42BF6B19400F55A6E /* TagView.swift */,
			);
			path = Collection;
			sourceTree = "<group>";
		};
		322CEDCF2BF95706004405A3 /* Discover */ = {
			isa = PBXGroup;
			children = (
				326EE8A42BEEB47200F55A6E /* DiscoverView.swift */,
				326EE8A62BEEB4B400F55A6E /* DiscoverCell.swift */,
			);
			path = Discover;
			sourceTree = "<group>";
		};
		322CEDD02BF95714004405A3 /* CardList */ = {
			isa = PBXGroup;
			children = (
				322CEDD12BF95754004405A3 /* CardDetail */,
				326EE8B22BF0346300F55A6E /* CardListView.swift */,
				326EE8C02BF03EAD00F55A6E /* CardCell.swift */,
				326EE8CC2BF2F8E900F55A6E /* CardImage.swift */,
			);
			path = CardList;
			sourceTree = "<group>";
		};
		322CEDD12BF95754004405A3 /* CardDetail */ = {
			isa = PBXGroup;
			children = (
				326EE8CA2BF2F56100F55A6E /* RightDetailCell.swift */,
				326EE8C62BF2F28900F55A6E /* CardDetail.swift */,
			);
			path = CardDetail;
			sourceTree = "<group>";
		};
		326EE8822BEEADE900F55A6E = {
			isa = PBXGroup;
			children = (
				326EE88D2BEEADE900F55A6E /* WeebWeissSchwarz */,
				326EE88C2BEEADE900F55A6E /* Products */,
			);
			sourceTree = "<group>";
		};
		326EE88C2BEEADE900F55A6E /* Products */ = {
			isa = PBXGroup;
			children = (
				326EE88B2BEEADE900F55A6E /* WeebWeissSchwarz.app */,
			);
			name = Products;
			sourceTree = "<group>";
		};
		326EE88D2BEEADE900F55A6E /* WeebWeissSchwarz */ = {
			isa = PBXGroup;
			children = (
				326EE8AF2BEEB7FD00F55A6E /* ViewModels */,
				326EE8A82BEEB5AB00F55A6E /* Networking */,
				326EE8A12BEEB20900F55A6E /* Models */,
				326EE8A02BEEB1FF00F55A6E /* Views */,
				326EE88E2BEEADE900F55A6E /* WeebWeissSchwarzApp.swift */,
				326EE8942BEEADEC00F55A6E /* Assets.xcassets */,
				326EE8962BEEADEC00F55A6E /* Preview Content */,
			);
			path = WeebWeissSchwarz;
			sourceTree = "<group>";
		};
		326EE8962BEEADEC00F55A6E /* Preview Content */ = {
			isa = PBXGroup;
			children = (
				326EE8972BEEADEC00F55A6E /* Preview Assets.xcassets */,
			);
			path = "Preview Content";
			sourceTree = "<group>";
		};
		326EE8A02BEEB1FF00F55A6E /* Views */ = {
			isa = PBXGroup;
			children = (
				322CEDCE2BF956FE004405A3 /* Collection */,
				322CEDCF2BF95706004405A3 /* Discover */,
				322CEDD02BF95714004405A3 /* CardList */,
			);
			path = Views;
			sourceTree = "<group>";
		};
		326EE8A12BEEB20900F55A6E /* Models */ = {
			isa = PBXGroup;
			children = (
				326EE8A22BEEB21200F55A6E /* Group.swift */,
				326EE8BA2BF035A200F55A6E /* Card.swift */,
				326EE8C22BF2857C00F55A6E /* Price.swift */,
				326EE8D72BF81B5100F55A6E /* UserGroup.swift */,
				326EE8D92BF81B7300F55A6E /* UserCard.swift */,
				326EE8DB2BF81EAA00F55A6E /* UserCollection.swift */,
			);
			path = Models;
			sourceTree = "<group>";
		};
		326EE8A82BEEB5AB00F55A6E /* Networking */ = {
			isa = PBXGroup;
			children = (
				326EE8A92BEEB5B700F55A6E /* APIRequest.swift */,
				326EE8AB2BEEB5EB00F55A6E /* GroupAPIRequest.swift */,
				326EE8AD2BEEB75F00F55A6E /* WeissSchwarzService.swift */,
				326EE8BC2BF03D6400F55A6E /* ProductAPIRequest.swift */,
				326EE8C42BF285BD00F55A6E /* PriceAPIRequest.swift */,
			);
			path = Networking;
			sourceTree = "<group>";
		};
		326EE8AF2BEEB7FD00F55A6E /* ViewModels */ = {
			isa = PBXGroup;
			children = (
				326EE8B02BEEB80500F55A6E /* DiscoverViewModel.swift */,
				326EE8B62BF0351B00F55A6E /* CardListViewModel.swift */,
				326EE8CE2BF57D9800F55A6E /* CardDetailViewModel.swift */,
			);
			path = ViewModels;
			sourceTree = "<group>";
		};
/* End PBXGroup section */

/* Begin PBXNativeTarget section */
		326EE88A2BEEADE900F55A6E /* WeebWeissSchwarz */ = {
			isa = PBXNativeTarget;
			buildConfigurationList = 326EE89B2BEEADEC00F55A6E /* Build configuration list for PBXNativeTarget "WeebWeissSchwarz" */;
			buildPhases = (
				326EE8872BEEADE900F55A6E /* Sources */,
				326EE8882BEEADE900F55A6E /* Frameworks */,
				326EE8892BEEADE900F55A6E /* Resources */,
			);
			buildRules = (
			);
			dependencies = (
			);
			name = WeebWeissSchwarz;
			productName = WeebWeissSchwarz;
			productReference = 326EE88B2BEEADE900F55A6E /* WeebWeissSchwarz.app */;
			productType = "com.apple.product-type.application";
		};
/* End PBXNativeTarget section */

/* Begin PBXProject section */
		326EE8832BEEADE900F55A6E /* Project object */ = {
			isa = PBXProject;
			attributes = {
				BuildIndependentTargetsInParallel = 1;
				LastSwiftUpdateCheck = 1500;
				LastUpgradeCheck = 1500;
				TargetAttributes = {
					326EE88A2BEEADE900F55A6E = {
						CreatedOnToolsVersion = 15.0.1;
					};
				};
			};
			buildConfigurationList = 326EE8862BEEADE900F55A6E /* Build configuration list for PBXProject "WeebWeissSchwarz" */;
			compatibilityVersion = "Xcode 14.0";
			developmentRegion = en;
			hasScannedForEncodings = 0;
			knownRegions = (
				en,
				Base,
			);
			mainGroup = 326EE8822BEEADE900F55A6E;
			productRefGroup = 326EE88C2BEEADE900F55A6E /* Products */;
			projectDirPath = "";
			projectRoot = "";
			targets = (
				326EE88A2BEEADE900F55A6E /* WeebWeissSchwarz */,
			);
		};
/* End PBXProject section */

/* Begin PBXResourcesBuildPhase section */
		326EE8892BEEADE900F55A6E /* Resources */ = {
			isa = PBXResourcesBuildPhase;
			buildActionMask = 2147483647;
			files = (
				326EE8982BEEADEC00F55A6E /* Preview Assets.xcassets in Resources */,
				326EE8952BEEADEC00F55A6E /* Assets.xcassets in Resources */,
			);
			runOnlyForDeploymentPostprocessing = 0;
		};
/* End PBXResourcesBuildPhase section */

/* Begin PBXSourcesBuildPhase section */
		326EE8872BEEADE900F55A6E /* Sources */ = {
			isa = PBXSourcesBuildPhase;
			buildActionMask = 2147483647;
			files = (
				326EE8C72BF2F28900F55A6E /* CardDetail.swift in Sources */,
				326EE8CF2BF57D9900F55A6E /* CardDetailViewModel.swift in Sources */,
				326EE8B32BF0346300F55A6E /* CardListView.swift in Sources */,
				326EE8DA2BF81B7300F55A6E /* UserCard.swift in Sources */,
				326EE8C52BF285BD00F55A6E /* PriceAPIRequest.swift in Sources */,
				326EE8D32BF6B0F300F55A6E /* GroupCell.swift in Sources */,
				326EE89F2BEEB12F00F55A6E /* CollectionList.swift in Sources */,
				326EE8AC2BEEB5EB00F55A6E /* GroupAPIRequest.swift in Sources */,
				326EE8BB2BF035A200F55A6E /* Card.swift in Sources */,
				326EE8DC2BF81EAA00F55A6E /* UserCollection.swift in Sources */,
				326EE8C12BF03EAD00F55A6E /* CardCell.swift in Sources */,
				326EE8CB2BF2F56100F55A6E /* RightDetailCell.swift in Sources */,
				326EE8B72BF0351B00F55A6E /* CardListViewModel.swift in Sources */,
				326EE8BD2BF03D6400F55A6E /* ProductAPIRequest.swift in Sources */,
				326EE8AE2BEEB75F00F55A6E /* WeissSchwarzService.swift in Sources */,
				326EE8A32BEEB21200F55A6E /* Group.swift in Sources */,
				326EE8D82BF81B5100F55A6E /* UserGroup.swift in Sources */,
				326EE8A72BEEB4B400F55A6E /* DiscoverCell.swift in Sources */,
				326EE88F2BEEADE900F55A6E /* WeebWeissSchwarzApp.swift in Sources */,
				326EE8DF2BF8359C00F55A6E /* GroupList.swift in Sources */,
				326EE8AA2BEEB5B700F55A6E /* APIRequest.swift in Sources */,
				326EE8B12BEEB80500F55A6E /* DiscoverViewModel.swift in Sources */,
				326EE8C32BF2857C00F55A6E /* Price.swift in Sources */,
				326EE8A52BEEB47200F55A6E /* DiscoverView.swift in Sources */,
				326EE8CD2BF2F8E900F55A6E /* CardImage.swift in Sources */,
				326EE8D52BF6B19400F55A6E /* TagView.swift in Sources */,
			);
			runOnlyForDeploymentPostprocessing = 0;
		};
/* End PBXSourcesBuildPhase section */

/* Begin XCBuildConfiguration section */
		326EE8992BEEADEC00F55A6E /* Debug */ = {
			isa = XCBuildConfiguration;
			buildSettings = {
				ALWAYS_SEARCH_USER_PATHS = NO;
				ASSETCATALOG_COMPILER_GENERATE_SWIFT_ASSET_SYMBOL_EXTENSIONS = YES;
				CLANG_ANALYZER_NONNULL = YES;
				CLANG_ANALYZER_NUMBER_OBJECT_CONVERSION = YES_AGGRESSIVE;
				CLANG_CXX_LANGUAGE_STANDARD = "gnu++20";
				CLANG_ENABLE_MODULES = YES;
				CLANG_ENABLE_OBJC_ARC = YES;
				CLANG_ENABLE_OBJC_WEAK = YES;
				CLANG_WARN_BLOCK_CAPTURE_AUTORELEASING = YES;
				CLANG_WARN_BOOL_CONVERSION = YES;
				CLANG_WARN_COMMA = YES;
				CLANG_WARN_CONSTANT_CONVERSION = YES;
				CLANG_WARN_DEPRECATED_OBJC_IMPLEMENTATIONS = YES;
				CLANG_WARN_DIRECT_OBJC_ISA_USAGE = YES_ERROR;
				CLANG_WARN_DOCUMENTATION_COMMENTS = YES;
				CLANG_WARN_EMPTY_BODY = YES;
				CLANG_WARN_ENUM_CONVERSION = YES;
				CLANG_WARN_INFINITE_RECURSION = YES;
				CLANG_WARN_INT_CONVERSION = YES;
				CLANG_WARN_NON_LITERAL_NULL_CONVERSION = YES;
				CLANG_WARN_OBJC_IMPLICIT_RETAIN_SELF = YES;
				CLANG_WARN_OBJC_LITERAL_CONVERSION = YES;
				CLANG_WARN_OBJC_ROOT_CLASS = YES_ERROR;
				CLANG_WARN_QUOTED_INCLUDE_IN_FRAMEWORK_HEADER = YES;
				CLANG_WARN_RANGE_LOOP_ANALYSIS = YES;
				CLANG_WARN_STRICT_PROTOTYPES = YES;
				CLANG_WARN_SUSPICIOUS_MOVE = YES;
				CLANG_WARN_UNGUARDED_AVAILABILITY = YES_AGGRESSIVE;
				CLANG_WARN_UNREACHABLE_CODE = YES;
				CLANG_WARN__DUPLICATE_METHOD_MATCH = YES;
				COPY_PHASE_STRIP = NO;
				DEBUG_INFORMATION_FORMAT = dwarf;
				ENABLE_STRICT_OBJC_MSGSEND = YES;
				ENABLE_TESTABILITY = YES;
				ENABLE_USER_SCRIPT_SANDBOXING = YES;
				GCC_C_LANGUAGE_STANDARD = gnu17;
				GCC_DYNAMIC_NO_PIC = NO;
				GCC_NO_COMMON_BLOCKS = YES;
				GCC_OPTIMIZATION_LEVEL = 0;
				GCC_PREPROCESSOR_DEFINITIONS = (
					"DEBUG=1",
					"$(inherited)",
				);
				GCC_WARN_64_TO_32_BIT_CONVERSION = YES;
				GCC_WARN_ABOUT_RETURN_TYPE = YES_ERROR;
				GCC_WARN_UNDECLARED_SELECTOR = YES;
				GCC_WARN_UNINITIALIZED_AUTOS = YES_AGGRESSIVE;
				GCC_WARN_UNUSED_FUNCTION = YES;
				GCC_WARN_UNUSED_VARIABLE = YES;
				IPHONEOS_DEPLOYMENT_TARGET = 17.0;
				LOCALIZATION_PREFERS_STRING_CATALOGS = YES;
				MTL_ENABLE_DEBUG_INFO = INCLUDE_SOURCE;
				MTL_FAST_MATH = YES;
				ONLY_ACTIVE_ARCH = YES;
				SDKROOT = iphoneos;
				SWIFT_ACTIVE_COMPILATION_CONDITIONS = "DEBUG $(inherited)";
				SWIFT_OPTIMIZATION_LEVEL = "-Onone";
			};
			name = Debug;
		};
		326EE89A2BEEADEC00F55A6E /* Release */ = {
			isa = XCBuildConfiguration;
			buildSettings = {
				ALWAYS_SEARCH_USER_PATHS = NO;
				ASSETCATALOG_COMPILER_GENERATE_SWIFT_ASSET_SYMBOL_EXTENSIONS = YES;
				CLANG_ANALYZER_NONNULL = YES;
				CLANG_ANALYZER_NUMBER_OBJECT_CONVERSION = YES_AGGRESSIVE;
				CLANG_CXX_LANGUAGE_STANDARD = "gnu++20";
				CLANG_ENABLE_MODULES = YES;
				CLANG_ENABLE_OBJC_ARC = YES;
				CLANG_ENABLE_OBJC_WEAK = YES;
				CLANG_WARN_BLOCK_CAPTURE_AUTORELEASING = YES;
				CLANG_WARN_BOOL_CONVERSION = YES;
				CLANG_WARN_COMMA = YES;
				CLANG_WARN_CONSTANT_CONVERSION = YES;
				CLANG_WARN_DEPRECATED_OBJC_IMPLEMENTATIONS = YES;
				CLANG_WARN_DIRECT_OBJC_ISA_USAGE = YES_ERROR;
				CLANG_WARN_DOCUMENTATION_COMMENTS = YES;
				CLANG_WARN_EMPTY_BODY = YES;
				CLANG_WARN_ENUM_CONVERSION = YES;
				CLANG_WARN_INFINITE_RECURSION = YES;
				CLANG_WARN_INT_CONVERSION = YES;
				CLANG_WARN_NON_LITERAL_NULL_CONVERSION = YES;
				CLANG_WARN_OBJC_IMPLICIT_RETAIN_SELF = YES;
				CLANG_WARN_OBJC_LITERAL_CONVERSION = YES;
				CLANG_WARN_OBJC_ROOT_CLASS = YES_ERROR;
				CLANG_WARN_QUOTED_INCLUDE_IN_FRAMEWORK_HEADER = YES;
				CLANG_WARN_RANGE_LOOP_ANALYSIS = YES;
				CLANG_WARN_STRICT_PROTOTYPES = YES;
				CLANG_WARN_SUSPICIOUS_MOVE = YES;
				CLANG_WARN_UNGUARDED_AVAILABILITY = YES_AGGRESSIVE;
				CLANG_WARN_UNREACHABLE_CODE = YES;
				CLANG_WARN__DUPLICATE_METHOD_MATCH = YES;
				COPY_PHASE_STRIP = NO;
				DEBUG_INFORMATION_FORMAT = "dwarf-with-dsym";
				ENABLE_NS_ASSERTIONS = NO;
				ENABLE_STRICT_OBJC_MSGSEND = YES;
				ENABLE_USER_SCRIPT_SANDBOXING = YES;
				GCC_C_LANGUAGE_STANDARD = gnu17;
				GCC_NO_COMMON_BLOCKS = YES;
				GCC_WARN_64_TO_32_BIT_CONVERSION = YES;
				GCC_WARN_ABOUT_RETURN_TYPE = YES_ERROR;
				GCC_WARN_UNDECLARED_SELECTOR = YES;
				GCC_WARN_UNINITIALIZED_AUTOS = YES_AGGRESSIVE;
				GCC_WARN_UNUSED_FUNCTION = YES;
				GCC_WARN_UNUSED_VARIABLE = YES;
				IPHONEOS_DEPLOYMENT_TARGET = 17.0;
				LOCALIZATION_PREFERS_STRING_CATALOGS = YES;
				MTL_ENABLE_DEBUG_INFO = NO;
				MTL_FAST_MATH = YES;
				SDKROOT = iphoneos;
				SWIFT_COMPILATION_MODE = wholemodule;
				VALIDATE_PRODUCT = YES;
			};
			name = Release;
		};
		326EE89C2BEEADEC00F55A6E /* Debug */ = {
			isa = XCBuildConfiguration;
			buildSettings = {
				ASSETCATALOG_COMPILER_APPICON_NAME = AppIcon;
				ASSETCATALOG_COMPILER_GLOBAL_ACCENT_COLOR_NAME = AccentColor;
				CODE_SIGN_STYLE = Automatic;
				CURRENT_PROJECT_VERSION = 1;
				DEVELOPMENT_ASSET_PATHS = "\"WeebWeissSchwarz/Preview Content\"";
				DEVELOPMENT_TEAM = 8KHAQ7W8KV;
				ENABLE_PREVIEWS = YES;
				GENERATE_INFOPLIST_FILE = YES;
				INFOPLIST_KEY_UIApplicationSceneManifest_Generation = YES;
				INFOPLIST_KEY_UIApplicationSupportsIndirectInputEvents = YES;
				INFOPLIST_KEY_UILaunchScreen_Generation = YES;
				INFOPLIST_KEY_UISupportedInterfaceOrientations_iPad = "UIInterfaceOrientationPortrait UIInterfaceOrientationPortraitUpsideDown UIInterfaceOrientationLandscapeLeft UIInterfaceOrientationLandscapeRight";
				INFOPLIST_KEY_UISupportedInterfaceOrientations_iPhone = "UIInterfaceOrientationPortrait UIInterfaceOrientationLandscapeLeft UIInterfaceOrientationLandscapeRight";
				LD_RUNPATH_SEARCH_PATHS = (
					"$(inherited)",
					"@executable_path/Frameworks",
				);
				MARKETING_VERSION = 1.0;
				PRODUCT_BUNDLE_IDENTIFIER = com.example.WeebWeissSchwarz;
				PRODUCT_NAME = "$(TARGET_NAME)";
				SWIFT_EMIT_LOC_STRINGS = YES;
				SWIFT_VERSION = 5.0;
				TARGETED_DEVICE_FAMILY = "1,2";
			};
			name = Debug;
		};
		326EE89D2BEEADEC00F55A6E /* Release */ = {
			isa = XCBuildConfiguration;
			buildSettings = {
				ASSETCATALOG_COMPILER_APPICON_NAME = AppIcon;
				ASSETCATALOG_COMPILER_GLOBAL_ACCENT_COLOR_NAME = AccentColor;
				CODE_SIGN_STYLE = Automatic;
				CURRENT_PROJECT_VERSION = 1;
				DEVELOPMENT_ASSET_PATHS = "\"WeebWeissSchwarz/Preview Content\"";
				DEVELOPMENT_TEAM = 8KHAQ7W8KV;
				ENABLE_PREVIEWS = YES;
				GENERATE_INFOPLIST_FILE = YES;
				INFOPLIST_KEY_UIApplicationSceneManifest_Generation = YES;
				INFOPLIST_KEY_UIApplicationSupportsIndirectInputEvents = YES;
				INFOPLIST_KEY_UILaunchScreen_Generation = YES;
				INFOPLIST_KEY_UISupportedInterfaceOrientations_iPad = "UIInterfaceOrientationPortrait UIInterfaceOrientationPortraitUpsideDown UIInterfaceOrientationLandscapeLeft UIInterfaceOrientationLandscapeRight";
				INFOPLIST_KEY_UISupportedInterfaceOrientations_iPhone = "UIInterfaceOrientationPortrait UIInterfaceOrientationLandscapeLeft UIInterfaceOrientationLandscapeRight";
				LD_RUNPATH_SEARCH_PATHS = (
					"$(inherited)",
					"@executable_path/Frameworks",
				);
				MARKETING_VERSION = 1.0;
				PRODUCT_BUNDLE_IDENTIFIER = com.example.WeebWeissSchwarz;
				PRODUCT_NAME = "$(TARGET_NAME)";
				SWIFT_EMIT_LOC_STRINGS = YES;
				SWIFT_VERSION = 5.0;
				TARGETED_DEVICE_FAMILY = "1,2";
			};
			name = Release;
		};
/* End XCBuildConfiguration section */

/* Begin XCConfigurationList section */
		326EE8862BEEADE900F55A6E /* Build configuration list for PBXProject "WeebWeissSchwarz" */ = {
			isa = XCConfigurationList;
			buildConfigurations = (
				326EE8992BEEADEC00F55A6E /* Debug */,
				326EE89A2BEEADEC00F55A6E /* Release */,
			);
			defaultConfigurationIsVisible = 0;
			defaultConfigurationName = Release;
		};
		326EE89B2BEEADEC00F55A6E /* Build configuration list for PBXNativeTarget "WeebWeissSchwarz" */ = {
			isa = XCConfigurationList;
			buildConfigurations = (
				326EE89C2BEEADEC00F55A6E /* Debug */,
				326EE89D2BEEADEC00F55A6E /* Release */,
			);
			defaultConfigurationIsVisible = 0;
			defaultConfigurationName = Release;
		};
/* End XCConfigurationList section */
	};
	rootObject = 326EE8832BEEADE900F55A6E /* Project object */;
}
